
Microsoft Visual Studio Solution File, Format Version 12.00
# Visual Studio Version 17
VisualStudioVersion = 17.4.33110.190
MinimumVisualStudioVersion = 10.0.40219.1
Project("{9A19103F-16F7-4668-BE54-9A1E7A4F7556}") = "MiPrimeraAplicacion", "Ej1\MiPrimeraAplicacion.csproj", "{AB91DECD-CD15-46A4-A4A9-59C199AAC954}"
EndProject
Project("{FAE04EC0-301F-11D3-BF4B-00C04F79EFBC}") = "MiSegundaApp", "MiSegundaApp\MiSegundaApp.csproj", "{B37670EE-9779-4658-AC00-BFD29B0ED1D0}"
EndProject
Project("{FAE04EC0-301F-11D3-BF4B-00C04F79EFBC}") = "MiTercerApp", "MiTercerApp\MiTercerApp.csproj", "{F8216694-4B53-47C8-BDDC-178177FAB36B}"
EndProject
Project("{FAE04EC0-301F-11D3-BF4B-00C04F79EFBC}") = "MiCuartaApp", "MiCuartaApp\MiCuartaApp.csproj", "{493BEEFE-46E1-455D-8A89-BD8B0DC32F07}"
EndProject
Project("{FAE04EC0-301F-11D3-BF4B-00C04F79EFBC}") = "miQuintaApp", "miQuintaApp\miQuintaApp.csproj", "{FC0B0177-0FC7-485B-A146-4CC6A640BA3A}"
EndProject
Global
	GlobalSection(SolutionConfigurationPlatforms) = preSolution
		Debug|Any CPU = Debug|Any CPU
		Release|Any CPU = Release|Any CPU
	EndGlobalSection
	GlobalSection(ProjectConfigurationPlatforms) = postSolution
		{AB91DECD-CD15-46A4-A4A9-59C199AAC954}.Debug|Any CPU.ActiveCfg = Debug|Any CPU
		{AB91DECD-CD15-46A4-A4A9-59C199AAC954}.Debug|Any CPU.Build.0 = Debug|Any CPU
		{AB91DECD-CD15-46A4-A4A9-59C199AAC954}.Release|Any CPU.ActiveCfg = Release|Any CPU
		{AB91DECD-CD15-46A4-A4A9-59C199AAC954}.Release|Any CPU.Build.0 = Release|Any CPU
		{B37670EE-9779-4658-AC00-BFD29B0ED1D0}.Debug|Any CPU.ActiveCfg = Debug|Any CPU
		{B37670EE-9779-4658-AC00-BFD29B0ED1D0}.Debug|Any CPU.Build.0 = Debug|Any CPU
		{B37670EE-9779-4658-AC00-BFD29B0ED1D0}.Release|Any CPU.ActiveCfg = Release|Any CPU
		{B37670EE-9779-4658-AC00-BFD29B0ED1D0}.Release|Any CPU.Build.0 = Release|Any CPU
		{F8216694-4B53-47C8-BDDC-178177FAB36B}.Debug|Any CPU.ActiveCfg = Debug|Any CPU
		{F8216694-4B53-47C8-BDDC-178177FAB36B}.Debug|Any CPU.Build.0 = Debug|Any CPU
		{F8216694-4B53-47C8-BDDC-178177FAB36B}.Release|Any CPU.ActiveCfg = Release|Any CPU
		{F8216694-4B53-47C8-BDDC-178177FAB36B}.Release|Any CPU.Build.0 = Release|Any CPU
		{493BEEFE-46E1-455D-8A89-BD8B0DC32F07}.Debug|Any CPU.ActiveCfg = Debug|Any CPU
		{493BEEFE-46E1-455D-8A89-BD8B0DC32F07}.Debug|Any CPU.Build.0 = Debug|Any CPU
		{493BEEFE-46E1-455D-8A89-BD8B0DC32F07}.Release|Any CPU.ActiveCfg = Release|Any CPU
		{493BEEFE-46E1-455D-8A89-BD8B0DC32F07}.Release|Any CPU.Build.0 = Release|Any CPU
		{FC0B0177-0FC7-485B-A146-4CC6A640BA3A}.Debug|Any CPU.ActiveCfg = Debug|Any CPU
		{FC0B0177-0FC7-485B-A146-4CC6A640BA3A}.Debug|Any CPU.Build.0 = Debug|Any CPU
		{FC0B0177-0FC7-485B-A146-4CC6A640BA3A}.Release|Any CPU.ActiveCfg = Release|Any CPU
		{FC0B0177-0FC7-485B-A146-4CC6A640BA3A}.Release|Any CPU.Build.0 = Release|Any CPU
	EndGlobalSection
	GlobalSection(SolutionProperties) = preSolution
		HideSolutionNode = FALSE
	EndGlobalSection
	GlobalSection(ExtensibilityGlobals) = postSolution
		SolutionGuid = {31D8E490-E9C9-4D3B-BDF9-6BE0CD8BD266}
	EndGlobalSection
EndGlobal
